
Microsoft Visual Studio Solution File, Format Version 12.00
# Visual Studio Version 17
VisualStudioVersion = 17.7.34031.279
MinimumVisualStudioVersion = 10.0.40219.1
Project("{9A19103F-16F7-4668-BE54-9A1E7A4F7556}") = "SequenceFinder", "SequenceFinder.csproj", "{AB92A4EB-62B0-49CB-882F-FA1C6C47AE53}"
EndProject
Project("{FAE04EC0-301F-11D3-BF4B-00C04F79EFBC}") = "SequenceFinderTests", "..\SequenceFinderTests\SequenceFinderTests.csproj", "{8B4B0454-3DAF-4D7B-9672-9FD9C8316A70}"
EndProject
Project("{FAE04EC0-301F-11D3-BF4B-00C04F79EFBC}") = "WebAPI", "..\WebAPI\WebAPI.csproj", "{4C3517DA-1094-41B0-8D6D-A17E915243F6}"
EndProject
Global
	GlobalSection(SolutionConfigurationPlatforms) = preSolution
		Debug|Any CPU = Debug|Any CPU
		Release|Any CPU = Release|Any CPU
	EndGlobalSection
	GlobalSection(ProjectConfigurationPlatforms) = postSolution
		{AB92A4EB-62B0-49CB-882F-FA1C6C47AE53}.Debug|Any CPU.ActiveCfg = Debug|Any CPU
		{AB92A4EB-62B0-49CB-882F-FA1C6C47AE53}.Debug|Any CPU.Build.0 = Debug|Any CPU
		{AB92A4EB-62B0-49CB-882F-FA1C6C47AE53}.Release|Any CPU.ActiveCfg = Release|Any CPU
		{AB92A4EB-62B0-49CB-882F-FA1C6C47AE53}.Release|Any CPU.Build.0 = Release|Any CPU
		{8B4B0454-3DAF-4D7B-9672-9FD9C8316A70}.Debug|Any CPU.ActiveCfg = Debug|Any CPU
		{8B4B0454-3DAF-4D7B-9672-9FD9C8316A70}.Debug|Any CPU.Build.0 = Debug|Any CPU
		{8B4B0454-3DAF-4D7B-9672-9FD9C8316A70}.Release|Any CPU.ActiveCfg = Release|Any CPU
		{8B4B0454-3DAF-4D7B-9672-9FD9C8316A70}.Release|Any CPU.Build.0 = Release|Any CPU
		{4C3517DA-1094-41B0-8D6D-A17E915243F6}.Debug|Any CPU.ActiveCfg = Debug|Any CPU
		{4C3517DA-1094-41B0-8D6D-A17E915243F6}.Debug|Any CPU.Build.0 = Debug|Any CPU
		{4C3517DA-1094-41B0-8D6D-A17E915243F6}.Release|Any CPU.ActiveCfg = Release|Any CPU
		{4C3517DA-1094-41B0-8D6D-A17E915243F6}.Release|Any CPU.Build.0 = Release|Any CPU
	EndGlobalSection
	GlobalSection(SolutionProperties) = preSolution
		HideSolutionNode = FALSE
	EndGlobalSection
	GlobalSection(ExtensibilityGlobals) = postSolution
		SolutionGuid = {3AE578DD-7B54-449D-8F38-D4155AE38C9E}
	EndGlobalSection
EndGlobal
